
Microsoft Visual Studio Solution File, Format Version 12.00
# Visual Studio 2013
VisualStudioVersion = 12.0.31101.0
MinimumVisualStudioVersion = 10.0.40219.1
Project("{FAE04EC0-301F-11D3-BF4B-00C04F79EFBC}") = "OneDriveApiExplorer", "OneDriveApiExplorer\OneDriveApiExplorer.csproj", "{28D25E38-167F-4F2E-A9EA-44F3822FBE23}"
EndProject
Project("{FAE04EC0-301F-11D3-BF4B-00C04F79EFBC}") = "OneDrive", "OneDrive\OneDrive.csproj", "{5A43B221-D8E5-424E-B166-56403F51804E}"
EndProject
Project("{FAE04EC0-301F-11D3-BF4B-00C04F79EFBC}") = "WPFOneDriveSDKTest", "WPFOneDriveSDKTest\WPFOneDriveSDKTest.csproj", "{6DC1841B-3A06-46AF-B8D5-7BAEE061A600}"
EndProject
Project("{2150E333-8FDC-42A3-9474-1A3956D46DE8}") = "NuGet Package", "NuGet Package", "{DBE94E1F-A305-4862-9A9C-53F39C735A44}"
	ProjectSection(SolutionItems) = preProject
		NuGet Package\WPFOneDriveLibrary.1.0.1.nupkg = NuGet Package\WPFOneDriveLibrary.1.0.1.nupkg
	EndProjectSection
EndProject
Global
	GlobalSection(SolutionConfigurationPlatforms) = preSolution
		Debug|Any CPU = Debug|Any CPU
		Release|Any CPU = Release|Any CPU
	EndGlobalSection
	GlobalSection(ProjectConfigurationPlatforms) = postSolution
		{28D25E38-167F-4F2E-A9EA-44F3822FBE23}.Debug|Any CPU.ActiveCfg = Debug|Any CPU
		{28D25E38-167F-4F2E-A9EA-44F3822FBE23}.Debug|Any CPU.Build.0 = Debug|Any CPU
		{28D25E38-167F-4F2E-A9EA-44F3822FBE23}.Release|Any CPU.ActiveCfg = Release|Any CPU
		{28D25E38-167F-4F2E-A9EA-44F3822FBE23}.Release|Any CPU.Build.0 = Release|Any CPU
		{5A43B221-D8E5-424E-B166-56403F51804E}.Debug|Any CPU.ActiveCfg = Debug|Any CPU
		{5A43B221-D8E5-424E-B166-56403F51804E}.Debug|Any CPU.Build.0 = Debug|Any CPU
		{5A43B221-D8E5-424E-B166-56403F51804E}.Release|Any CPU.ActiveCfg = Release|Any CPU
		{5A43B221-D8E5-424E-B166-56403F51804E}.Release|Any CPU.Build.0 = Release|Any CPU
		{6DC1841B-3A06-46AF-B8D5-7BAEE061A600}.Debug|Any CPU.ActiveCfg = Debug|Any CPU
		{6DC1841B-3A06-46AF-B8D5-7BAEE061A600}.Debug|Any CPU.Build.0 = Debug|Any CPU
		{6DC1841B-3A06-46AF-B8D5-7BAEE061A600}.Release|Any CPU.ActiveCfg = Release|Any CPU
		{6DC1841B-3A06-46AF-B8D5-7BAEE061A600}.Release|Any CPU.Build.0 = Release|Any CPU
	EndGlobalSection
	GlobalSection(SolutionProperties) = preSolution
		HideSolutionNode = FALSE
	EndGlobalSection
	GlobalSection(MonoDevelopProperties) = preSolution
		StartupItem = OneDriveSyncSample\OneDriveSyncSample.csproj
	EndGlobalSection
EndGlobal
